// !$*UTF8*$!
{
	archiveVersion = 1;
	classes = {
	};
	objectVersion = 56;
	objects = {

/* Begin PBXBuildFile section */
		848DAA332AEA6CE00093C04A /* ShopSmartApp.swift in Sources */ = {isa = PBXBuildFile; fileRef = 848DAA322AEA6CE00093C04A /* ShopSmartApp.swift */; };
		848DAA352AEA6CE00093C04A /* ContentView.swift in Sources */ = {isa = PBXBuildFile; fileRef = 848DAA342AEA6CE00093C04A /* ContentView.swift */; };
		848DAA372AEA6CE20093C04A /* Assets.xcassets in Resources */ = {isa = PBXBuildFile; fileRef = 848DAA362AEA6CE20093C04A /* Assets.xcassets */; };
		848DAA3A2AEA6CE20093C04A /* Preview Assets.xcassets in Resources */ = {isa = PBXBuildFile; fileRef = 848DAA392AEA6CE20093C04A /* Preview Assets.xcassets */; };
		848DAA3C2AEA6CE20093C04A /* Persistence.swift in Sources */ = {isa = PBXBuildFile; fileRef = 848DAA3B2AEA6CE20093C04A /* Persistence.swift */; };
		848DAA3F2AEA6CE20093C04A /* ShopSmart.xcdatamodeld in Sources */ = {isa = PBXBuildFile; fileRef = 848DAA3D2AEA6CE20093C04A /* ShopSmart.xcdatamodeld */; };
		848DAA492AEA6CE30093C04A /* ShopSmartTests.swift in Sources */ = {isa = PBXBuildFile; fileRef = 848DAA482AEA6CE30093C04A /* ShopSmartTests.swift */; };
		848DAA532AEA6CE30093C04A /* ShopSmartUITests.swift in Sources */ = {isa = PBXBuildFile; fileRef = 848DAA522AEA6CE30093C04A /* ShopSmartUITests.swift */; };
		848DAA552AEA6CE30093C04A /* ShopSmartUITestsLaunchTests.swift in Sources */ = {isa = PBXBuildFile; fileRef = 848DAA542AEA6CE30093C04A /* ShopSmartUITestsLaunchTests.swift */; };
/* End PBXBuildFile section */

/* Begin PBXContainerItemProxy section */
		848DAA452AEA6CE30093C04A /* PBXContainerItemProxy */ = {
			isa = PBXContainerItemProxy;
			containerPortal = 848DAA272AEA6CE00093C04A /* Project object */;
			proxyType = 1;
			remoteGlobalIDString = 848DAA2E2AEA6CE00093C04A;
			remoteInfo = ShopSmart;
		};
		848DAA4F2AEA6CE30093C04A /* PBXContainerItemProxy */ = {
			isa = PBXContainerItemProxy;
			containerPortal = 848DAA272AEA6CE00093C04A /* Project object */;
			proxyType = 1;
			remoteGlobalIDString = 848DAA2E2AEA6CE00093C04A;
			remoteInfo = ShopSmart;
		};
/* End PBXContainerItemProxy section */

/* Begin PBXFileReference section */
		848DAA2F2AEA6CE00093C04A /* ShopSmart.app */ = {isa = PBXFileReference; explicitFileType = wrapper.application; includeInIndex = 0; path = ShopSmart.app; sourceTree = BUILT_PRODUCTS_DIR; };
		848DAA322AEA6CE00093C04A /* ShopSmartApp.swift */ = {isa = PBXFileReference; lastKnownFileType = sourcecode.swift; path = ShopSmartApp.swift; sourceTree = "<group>"; };
		848DAA342AEA6CE00093C04A /* ContentView.swift */ = {isa = PBXFileReference; lastKnownFileType = sourcecode.swift; path = ContentView.swift; sourceTree = "<group>"; };
		848DAA362AEA6CE20093C04A /* Assets.xcassets */ = {isa = PBXFileReference; lastKnownFileType = folder.assetcatalog; path = Assets.xcassets; sourceTree = "<group>"; };
		848DAA392AEA6CE20093C04A /* Preview Assets.xcassets */ = {isa = PBXFileReference; lastKnownFileType = folder.assetcatalog; path = "Preview Assets.xcassets"; sourceTree = "<group>"; };
		848DAA3B2AEA6CE20093C04A /* Persistence.swift */ = {isa = PBXFileReference; lastKnownFileType = sourcecode.swift; path = Persistence.swift; sourceTree = "<group>"; };
		848DAA3E2AEA6CE20093C04A /* ShopSmart.xcdatamodel */ = {isa = PBXFileReference; lastKnownFileType = wrapper.xcdatamodel; path = ShopSmart.xcdatamodel; sourceTree = "<group>"; };
		848DAA442AEA6CE30093C04A /* ShopSmartTests.xctest */ = {isa = PBXFileReference; explicitFileType = wrapper.cfbundle; includeInIndex = 0; path = ShopSmartTests.xctest; sourceTree = BUILT_PRODUCTS_DIR; };
		848DAA482AEA6CE30093C04A /* ShopSmartTests.swift */ = {isa = PBXFileReference; lastKnownFileType = sourcecode.swift; path = ShopSmartTests.swift; sourceTree = "<group>"; };
		848DAA4E2AEA6CE30093C04A /* ShopSmartUITests.xctest */ = {isa = PBXFileReference; explicitFileType = wrapper.cfbundle; includeInIndex = 0; path = ShopSmartUITests.xctest; sourceTree = BUILT_PRODUCTS_DIR; };
		848DAA522AEA6CE30093C04A /* ShopSmartUITests.swift */ = {isa = PBXFileReference; lastKnownFileType = sourcecode.swift; path = ShopSmartUITests.swift; sourceTree = "<group>"; };
		848DAA542AEA6CE30093C04A /* ShopSmartUITestsLaunchTests.swift */ = {isa = PBXFileReference; lastKnownFileType = sourcecode.swift; path = ShopSmartUITestsLaunchTests.swift; sourceTree = "<group>"; };
/* End PBXFileReference section */

/* Begin PBXFrameworksBuildPhase section */
		848DAA2C2AEA6CE00093C04A /* Frameworks */ = {
			isa = PBXFrameworksBuildPhase;
			buildActionMask = 2147483647;
			files = (
			);
			runOnlyForDeploymentPostprocessing = 0;
		};
		848DAA412AEA6CE30093C04A /* Frameworks */ = {
			isa = PBXFrameworksBuildPhase;
			buildActionMask = 2147483647;
			files = (
			);
			runOnlyForDeploymentPostprocessing = 0;
		};
		848DAA4B2AEA6CE30093C04A /* Frameworks */ = {
			isa = PBXFrameworksBuildPhase;
			buildActionMask = 2147483647;
			files = (
			);
			runOnlyForDeploymentPostprocessing = 0;
		};
/* End PBXFrameworksBuildPhase section */

/* Begin PBXGroup section */
		848DAA262AEA6CE00093C04A = {
			isa = PBXGroup;
			children = (
				848DAA312AEA6CE00093C04A /* ShopSmart */,
				848DAA472AEA6CE30093C04A /* ShopSmartTests */,
				848DAA512AEA6CE30093C04A /* ShopSmartUITests */,
				848DAA302AEA6CE00093C04A /* Products */,
			);
			sourceTree = "<group>";
		};
		848DAA302AEA6CE00093C04A /* Products */ = {
			isa = PBXGroup;
			children = (
				848DAA2F2AEA6CE00093C04A /* ShopSmart.app */,
				848DAA442AEA6CE30093C04A /* ShopSmartTests.xctest */,
				848DAA4E2AEA6CE30093C04A /* ShopSmartUITests.xctest */,
			);
			name = Products;
			sourceTree = "<group>";
		};
		848DAA312AEA6CE00093C04A /* ShopSmart */ = {
			isa = PBXGroup;
			children = (
				848DAA322AEA6CE00093C04A /* ShopSmartApp.swift */,
				848DAA342AEA6CE00093C04A /* ContentView.swift */,
				848DAA362AEA6CE20093C04A /* Assets.xcassets */,
				848DAA3B2AEA6CE20093C04A /* Persistence.swift */,
				848DAA3D2AEA6CE20093C04A /* ShopSmart.xcdatamodeld */,
				848DAA382AEA6CE20093C04A /* Preview Content */,
			);
			path = ShopSmart;
			sourceTree = "<group>";
		};
		848DAA382AEA6CE20093C04A /* Preview Content */ = {
			isa = PBXGroup;
			children = (
				848DAA392AEA6CE20093C04A /* Preview Assets.xcassets */,
			);
			path = "Preview Content";
			sourceTree = "<group>";
		};
		848DAA472AEA6CE30093C04A /* ShopSmartTests */ = {
			isa = PBXGroup;
			children = (
				848DAA482AEA6CE30093C04A /* ShopSmartTests.swift */,
			);
			path = ShopSmartTests;
			sourceTree = "<group>";
		};
		848DAA512AEA6CE30093C04A /* ShopSmartUITests */ = {
			isa = PBXGroup;
			children = (
				848DAA522AEA6CE30093C04A /* ShopSmartUITests.swift */,
				848DAA542AEA6CE30093C04A /* ShopSmartUITestsLaunchTests.swift */,
			);
			path = ShopSmartUITests;
			sourceTree = "<group>";
		};
/* End PBXGroup section */

/* Begin PBXNativeTarget section */
		848DAA2E2AEA6CE00093C04A /* ShopSmart */ = {
			isa = PBXNativeTarget;
			buildConfigurationList = 848DAA582AEA6CE30093C04A /* Build configuration list for PBXNativeTarget "ShopSmart" */;
			buildPhases = (
				848DAA2B2AEA6CE00093C04A /* Sources */,
				848DAA2C2AEA6CE00093C04A /* Frameworks */,
				848DAA2D2AEA6CE00093C04A /* Resources */,
			);
			buildRules = (
			);
			dependencies = (
			);
			name = ShopSmart;
			productName = ShopSmart;
			productReference = 848DAA2F2AEA6CE00093C04A /* ShopSmart.app */;
			productType = "com.apple.product-type.application";
		};
		848DAA432AEA6CE30093C04A /* ShopSmartTests */ = {
			isa = PBXNativeTarget;
			buildConfigurationList = 848DAA5B2AEA6CE30093C04A /* Build configuration list for PBXNativeTarget "ShopSmartTests" */;
			buildPhases = (
				848DAA402AEA6CE30093C04A /* Sources */,
				848DAA412AEA6CE30093C04A /* Frameworks */,
				848DAA422AEA6CE30093C04A /* Resources */,
			);
			buildRules = (
			);
			dependencies = (
				848DAA462AEA6CE30093C04A /* PBXTargetDependency */,
			);
			name = ShopSmartTests;
			productName = ShopSmartTests;
			productReference = 848DAA442AEA6CE30093C04A /* ShopSmartTests.xctest */;
			productType = "com.apple.product-type.bundle.unit-test";
		};
		848DAA4D2AEA6CE30093C04A /* ShopSmartUITests */ = {
			isa = PBXNativeTarget;
			buildConfigurationList = 848DAA5E2AEA6CE30093C04A /* Build configuration list for PBXNativeTarget "ShopSmartUITests" */;
			buildPhases = (
				848DAA4A2AEA6CE30093C04A /* Sources */,
				848DAA4B2AEA6CE30093C04A /* Frameworks */,
				848DAA4C2AEA6CE30093C04A /* Resources */,
			);
			buildRules = (
			);
			dependencies = (
				848DAA502AEA6CE30093C04A /* PBXTargetDependency */,
			);
			name = ShopSmartUITests;
			productName = ShopSmartUITests;
			productReference = 848DAA4E2AEA6CE30093C04A /* ShopSmartUITests.xctest */;
			productType = "com.apple.product-type.bundle.ui-testing";
		};
/* End PBXNativeTarget section */

/* Begin PBXProject section */
		848DAA272AEA6CE00093C04A /* Project object */ = {
			isa = PBXProject;
			attributes = {
				BuildIndependentTargetsInParallel = 1;
				LastSwiftUpdateCheck = 1420;
				LastUpgradeCheck = 1420;
				TargetAttributes = {
					848DAA2E2AEA6CE00093C04A = {
						CreatedOnToolsVersion = 14.2;
					};
					848DAA432AEA6CE30093C04A = {
						CreatedOnToolsVersion = 14.2;
						TestTargetID = 848DAA2E2AEA6CE00093C04A;
					};
					848DAA4D2AEA6CE30093C04A = {
						CreatedOnToolsVersion = 14.2;
						TestTargetID = 848DAA2E2AEA6CE00093C04A;
					};
				};
			};
			buildConfigurationList = 848DAA2A2AEA6CE00093C04A /* Build configuration list for PBXProject "ShopSmart" */;
			compatibilityVersion = "Xcode 14.0";
			developmentRegion = en;
			hasScannedForEncodings = 0;
			knownRegions = (
				en,
				Base,
			);
			mainGroup = 848DAA262AEA6CE00093C04A;
			productRefGroup = 848DAA302AEA6CE00093C04A /* Products */;
			projectDirPath = "";
			projectRoot = "";
			targets = (
				848DAA2E2AEA6CE00093C04A /* ShopSmart */,
				848DAA432AEA6CE30093C04A /* ShopSmartTests */,
				848DAA4D2AEA6CE30093C04A /* ShopSmartUITests */,
			);
		};
/* End PBXProject section */

/* Begin PBXResourcesBuildPhase section */
		848DAA2D2AEA6CE00093C04A /* Resources */ = {
			isa = PBXResourcesBuildPhase;
			buildActionMask = 2147483647;
			files = (
				848DAA3A2AEA6CE20093C04A /* Preview Assets.xcassets in Resources */,
				848DAA372AEA6CE20093C04A /* Assets.xcassets in Resources */,
			);
			runOnlyForDeploymentPostprocessing = 0;
		};
		848DAA422AEA6CE30093C04A /* Resources */ = {
			isa = PBXResourcesBuildPhase;
			buildActionMask = 2147483647;
			files = (
			);
			runOnlyForDeploymentPostprocessing = 0;
		};
		848DAA4C2AEA6CE30093C04A /* Resources */ = {
			isa = PBXResourcesBuildPhase;
			buildActionMask = 2147483647;
			files = (
			);
			runOnlyForDeploymentPostprocessing = 0;
		};
/* End PBXResourcesBuildPhase section */

/* Begin PBXSourcesBuildPhase section */
		848DAA2B2AEA6CE00093C04A /* Sources */ = {
			isa = PBXSourcesBuildPhase;
			buildActionMask = 2147483647;
			files = (
				848DAA3C2AEA6CE20093C04A /* Persistence.swift in Sources */,
				848DAA352AEA6CE00093C04A /* ContentView.swift in Sources */,
				848DAA332AEA6CE00093C04A /* ShopSmartApp.swift in Sources */,
				848DAA3F2AEA6CE20093C04A /* ShopSmart.xcdatamodeld in Sources */,
			);
			runOnlyForDeploymentPostprocessing = 0;
		};
		848DAA402AEA6CE30093C04A /* Sources */ = {
			isa = PBXSourcesBuildPhase;
			buildActionMask = 2147483647;
			files = (
				848DAA492AEA6CE30093C04A /* ShopSmartTests.swift in Sources */,
			);
			runOnlyForDeploymentPostprocessing = 0;
		};
		848DAA4A2AEA6CE30093C04A /* Sources */ = {
			isa = PBXSourcesBuildPhase;
			buildActionMask = 2147483647;
			files = (
				848DAA552AEA6CE30093C04A /* ShopSmartUITestsLaunchTests.swift in Sources */,
				848DAA532AEA6CE30093C04A /* ShopSmartUITests.swift in Sources */,
			);
			runOnlyForDeploymentPostprocessing = 0;
		};
/* End PBXSourcesBuildPhase section */

/* Begin PBXTargetDependency section */
		848DAA462AEA6CE30093C04A /* PBXTargetDependency */ = {
			isa = PBXTargetDependency;
			target = 848DAA2E2AEA6CE00093C04A /* ShopSmart */;
			targetProxy = 848DAA452AEA6CE30093C04A /* PBXContainerItemProxy */;
		};
		848DAA502AEA6CE30093C04A /* PBXTargetDependency */ = {
			isa = PBXTargetDependency;
			target = 848DAA2E2AEA6CE00093C04A /* ShopSmart */;
			targetProxy = 848DAA4F2AEA6CE30093C04A /* PBXContainerItemProxy */;
		};
/* End PBXTargetDependency section */

/* Begin XCBuildConfiguration section */
		848DAA562AEA6CE30093C04A /* Debug */ = {
			isa = XCBuildConfiguration;
			buildSettings = {
				ALWAYS_SEARCH_USER_PATHS = NO;
				CLANG_ANALYZER_NONNULL = YES;
				CLANG_ANALYZER_NUMBER_OBJECT_CONVERSION = YES_AGGRESSIVE;
				CLANG_CXX_LANGUAGE_STANDARD = "gnu++20";
				CLANG_ENABLE_MODULES = YES;
				CLANG_ENABLE_OBJC_ARC = YES;
				CLANG_ENABLE_OBJC_WEAK = YES;
				CLANG_WARN_BLOCK_CAPTURE_AUTORELEASING = YES;
				CLANG_WARN_BOOL_CONVERSION = YES;
				CLANG_WARN_COMMA = YES;
				CLANG_WARN_CONSTANT_CONVERSION = YES;
				CLANG_WARN_DEPRECATED_OBJC_IMPLEMENTATIONS = YES;
				CLANG_WARN_DIRECT_OBJC_ISA_USAGE = YES_ERROR;
				CLANG_WARN_DOCUMENTATION_COMMENTS = YES;
				CLANG_WARN_EMPTY_BODY = YES;
				CLANG_WARN_ENUM_CONVERSION = YES;
				CLANG_WARN_INFINITE_RECURSION = YES;
				CLANG_WARN_INT_CONVERSION = YES;
				CLANG_WARN_NON_LITERAL_NULL_CONVERSION = YES;
				CLANG_WARN_OBJC_IMPLICIT_RETAIN_SELF = YES;
				CLANG_WARN_OBJC_LITERAL_CONVERSION = YES;
				CLANG_WARN_OBJC_ROOT_CLASS = YES_ERROR;
				CLANG_WARN_QUOTED_INCLUDE_IN_FRAMEWORK_HEADER = YES;
				CLANG_WARN_RANGE_LOOP_ANALYSIS = YES;
				CLANG_WARN_STRICT_PROTOTYPES = YES;
				CLANG_WARN_SUSPICIOUS_MOVE = YES;
				CLANG_WARN_UNGUARDED_AVAILABILITY = YES_AGGRESSIVE;
				CLANG_WARN_UNREACHABLE_CODE = YES;
				CLANG_WARN__DUPLICATE_METHOD_MATCH = YES;
				COPY_PHASE_STRIP = NO;
				DEBUG_INFORMATION_FORMAT = dwarf;
				ENABLE_STRICT_OBJC_MSGSEND = YES;
				ENABLE_TESTABILITY = YES;
				GCC_C_LANGUAGE_STANDARD = gnu11;
				GCC_DYNAMIC_NO_PIC = NO;
				GCC_NO_COMMON_BLOCKS = YES;
				GCC_OPTIMIZATION_LEVEL = 0;
				GCC_PREPROCESSOR_DEFINITIONS = (
					"DEBUG=1",
					"$(inherited)",
				);
				GCC_WARN_64_TO_32_BIT_CONVERSION = YES;
				GCC_WARN_ABOUT_RETURN_TYPE = YES_ERROR;
				GCC_WARN_UNDECLARED_SELECTOR = YES;
				GCC_WARN_UNINITIALIZED_AUTOS = YES_AGGRESSIVE;
				GCC_WARN_UNUSED_FUNCTION = YES;
				GCC_WARN_UNUSED_VARIABLE = YES;
				IPHONEOS_DEPLOYMENT_TARGET = 16.2;
				MTL_ENABLE_DEBUG_INFO = INCLUDE_SOURCE;
				MTL_FAST_MATH = YES;
				ONLY_ACTIVE_ARCH = YES;
				SDKROOT = iphoneos;
				SWIFT_ACTIVE_COMPILATION_CONDITIONS = DEBUG;
				SWIFT_OPTIMIZATION_LEVEL = "-Onone";
			};
			name = Debug;
		};
		848DAA572AEA6CE30093C04A /* Release */ = {
			isa = XCBuildConfiguration;
			buildSettings = {
				ALWAYS_SEARCH_USER_PATHS = NO;
				CLANG_ANALYZER_NONNULL = YES;
				CLANG_ANALYZER_NUMBER_OBJECT_CONVERSION = YES_AGGRESSIVE;
				CLANG_CXX_LANGUAGE_STANDARD = "gnu++20";
				CLANG_ENABLE_MODULES = YES;
				CLANG_ENABLE_OBJC_ARC = YES;
				CLANG_ENABLE_OBJC_WEAK = YES;
				CLANG_WARN_BLOCK_CAPTURE_AUTORELEASING = YES;
				CLANG_WARN_BOOL_CONVERSION = YES;
				CLANG_WARN_COMMA = YES;
				CLANG_WARN_CONSTANT_CONVERSION = YES;
				CLANG_WARN_DEPRECATED_OBJC_IMPLEMENTATIONS = YES;
				CLANG_WARN_DIRECT_OBJC_ISA_USAGE = YES_ERROR;
				CLANG_WARN_DOCUMENTATION_COMMENTS = YES;
				CLANG_WARN_EMPTY_BODY = YES;
				CLANG_WARN_ENUM_CONVERSION = YES;
				CLANG_WARN_INFINITE_RECURSION = YES;
				CLANG_WARN_INT_CONVERSION = YES;
				CLANG_WARN_NON_LITERAL_NULL_CONVERSION = YES;
				CLANG_WARN_OBJC_IMPLICIT_RETAIN_SELF = YES;
				CLANG_WARN_OBJC_LITERAL_CONVERSION = YES;
				CLANG_WARN_OBJC_ROOT_CLASS = YES_ERROR;
				CLANG_WARN_QUOTED_INCLUDE_IN_FRAMEWORK_HEADER = YES;
				CLANG_WARN_RANGE_LOOP_ANALYSIS = YES;
				CLANG_WARN_STRICT_PROTOTYPES = YES;
				CLANG_WARN_SUSPICIOUS_MOVE = YES;
				CLANG_WARN_UNGUARDED_AVAILABILITY = YES_AGGRESSIVE;
				CLANG_WARN_UNREACHABLE_CODE = YES;
				CLANG_WARN__DUPLICATE_METHOD_MATCH = YES;
				COPY_PHASE_STRIP = NO;
				DEBUG_INFORMATION_FORMAT = "dwarf-with-dsym";
				ENABLE_NS_ASSERTIONS = NO;
				ENABLE_STRICT_OBJC_MSGSEND = YES;
				GCC_C_LANGUAGE_STANDARD = gnu11;
				GCC_NO_COMMON_BLOCKS = YES;
				GCC_WARN_64_TO_32_BIT_CONVERSION = YES;
				GCC_WARN_ABOUT_RETURN_TYPE = YES_ERROR;
				GCC_WARN_UNDECLARED_SELECTOR = YES;
				GCC_WARN_UNINITIALIZED_AUTOS = YES_AGGRESSIVE;
				GCC_WARN_UNUSED_FUNCTION = YES;
				GCC_WARN_UNUSED_VARIABLE = YES;
				IPHONEOS_DEPLOYMENT_TARGET = 16.2;
				MTL_ENABLE_DEBUG_INFO = NO;
				MTL_FAST_MATH = YES;
				SDKROOT = iphoneos;
				SWIFT_COMPILATION_MODE = wholemodule;
				SWIFT_OPTIMIZATION_LEVEL = "-O";
				VALIDATE_PRODUCT = YES;
			};
			name = Release;
		};
		848DAA592AEA6CE30093C04A /* Debug */ = {
			isa = XCBuildConfiguration;
			buildSettings = {
				ASSETCATALOG_COMPILER_APPICON_NAME = AppIcon;
				ASSETCATALOG_COMPILER_GLOBAL_ACCENT_COLOR_NAME = AccentColor;
				CODE_SIGN_STYLE = Automatic;
				CURRENT_PROJECT_VERSION = 1;
				DEVELOPMENT_ASSET_PATHS = "\"ShopSmart/Preview Content\"";
				ENABLE_PREVIEWS = YES;
				GENERATE_INFOPLIST_FILE = YES;
				INFOPLIST_KEY_UIApplicationSceneManifest_Generation = YES;
				INFOPLIST_KEY_UIApplicationSupportsIndirectInputEvents = YES;
				INFOPLIST_KEY_UILaunchScreen_Generation = YES;
				INFOPLIST_KEY_UISupportedInterfaceOrientations_iPad = "UIInterfaceOrientationPortrait UIInterfaceOrientationPortraitUpsideDown UIInterfaceOrientationLandscapeLeft UIInterfaceOrientationLandscapeRight";
				INFOPLIST_KEY_UISupportedInterfaceOrientations_iPhone = "UIInterfaceOrientationPortrait UIInterfaceOrientationLandscapeLeft UIInterfaceOrientationLandscapeRight";
				LD_RUNPATH_SEARCH_PATHS = (
					"$(inherited)",
					"@executable_path/Frameworks",
				);
				MARKETING_VERSION = 1.0;
				PRODUCT_BUNDLE_IDENTIFIER = Admin.ShopSmart;
				PRODUCT_NAME = "$(TARGET_NAME)";
				SWIFT_EMIT_LOC_STRINGS = YES;
				SWIFT_VERSION = 5.0;
				TARGETED_DEVICE_FAMILY = "1,2";
			};
			name = Debug;
		};
		848DAA5A2AEA6CE30093C04A /* Release */ = {
			isa = XCBuildConfiguration;
			buildSettings = {
				ASSETCATALOG_COMPILER_APPICON_NAME = AppIcon;
				ASSETCATALOG_COMPILER_GLOBAL_ACCENT_COLOR_NAME = AccentColor;
				CODE_SIGN_STYLE = Automatic;
				CURRENT_PROJECT_VERSION = 1;
				DEVELOPMENT_ASSET_PATHS = "\"ShopSmart/Preview Content\"";
				ENABLE_PREVIEWS = YES;
				GENERATE_INFOPLIST_FILE = YES;
				INFOPLIST_KEY_UIApplicationSceneManifest_Generation = YES;
				INFOPLIST_KEY_UIApplicationSupportsIndirectInputEvents = YES;
				INFOPLIST_KEY_UILaunchScreen_Generation = YES;
				INFOPLIST_KEY_UISupportedInterfaceOrientations_iPad = "UIInterfaceOrientationPortrait UIInterfaceOrientationPortraitUpsideDown UIInterfaceOrientationLandscapeLeft UIInterfaceOrientationLandscapeRight";
				INFOPLIST_KEY_UISupportedInterfaceOrientations_iPhone = "UIInterfaceOrientationPortrait UIInterfaceOrientationLandscapeLeft UIInterfaceOrientationLandscapeRight";
				LD_RUNPATH_SEARCH_PATHS = (
					"$(inherited)",
					"@executable_path/Frameworks",
				);
				MARKETING_VERSION = 1.0;
				PRODUCT_BUNDLE_IDENTIFIER = Admin.ShopSmart;
				PRODUCT_NAME = "$(TARGET_NAME)";
				SWIFT_EMIT_LOC_STRINGS = YES;
				SWIFT_VERSION = 5.0;
				TARGETED_DEVICE_FAMILY = "1,2";
			};
			name = Release;
		};
		848DAA5C2AEA6CE30093C04A /* Debug */ = {
			isa = XCBuildConfiguration;
			buildSettings = {
				ALWAYS_EMBED_SWIFT_STANDARD_LIBRARIES = YES;
				BUNDLE_LOADER = "$(TEST_HOST)";
				CODE_SIGN_STYLE = Automatic;
				CURRENT_PROJECT_VERSION = 1;
				GENERATE_INFOPLIST_FILE = YES;
				IPHONEOS_DEPLOYMENT_TARGET = 16.2;
				MARKETING_VERSION = 1.0;
				PRODUCT_BUNDLE_IDENTIFIER = Admin.ShopSmartTests;
				PRODUCT_NAME = "$(TARGET_NAME)";
				SWIFT_EMIT_LOC_STRINGS = NO;
				SWIFT_VERSION = 5.0;
				TARGETED_DEVICE_FAMILY = "1,2";
				TEST_HOST = "$(BUILT_PRODUCTS_DIR)/ShopSmart.app/$(BUNDLE_EXECUTABLE_FOLDER_PATH)/ShopSmart";
			};
			name = Debug;
		};
		848DAA5D2AEA6CE30093C04A /* Release */ = {
			isa = XCBuildConfiguration;
			buildSettings = {
				ALWAYS_EMBED_SWIFT_STANDARD_LIBRARIES = YES;
				BUNDLE_LOADER = "$(TEST_HOST)";
				CODE_SIGN_STYLE = Automatic;
				CURRENT_PROJECT_VERSION = 1;
				GENERATE_INFOPLIST_FILE = YES;
				IPHONEOS_DEPLOYMENT_TARGET = 16.2;
				MARKETING_VERSION = 1.0;
				PRODUCT_BUNDLE_IDENTIFIER = Admin.ShopSmartTests;
				PRODUCT_NAME = "$(TARGET_NAME)";
				SWIFT_EMIT_LOC_STRINGS = NO;
				SWIFT_VERSION = 5.0;
				TARGETED_DEVICE_FAMILY = "1,2";
				TEST_HOST = "$(BUILT_PRODUCTS_DIR)/ShopSmart.app/$(BUNDLE_EXECUTABLE_FOLDER_PATH)/ShopSmart";
			};
			name = Release;
		};
		848DAA5F2AEA6CE30093C04A /* Debug */ = {
			isa = XCBuildConfiguration;
			buildSettings = {
				ALWAYS_EMBED_SWIFT_STANDARD_LIBRARIES = YES;
				CODE_SIGN_STYLE = Automatic;
				CURRENT_PROJECT_VERSION = 1;
				GENERATE_INFOPLIST_FILE = YES;
				MARKETING_VERSION = 1.0;
				PRODUCT_BUNDLE_IDENTIFIER = Admin.ShopSmartUITests;
				PRODUCT_NAME = "$(TARGET_NAME)";
				SWIFT_EMIT_LOC_STRINGS = NO;
				SWIFT_VERSION = 5.0;
				TARGETED_DEVICE_FAMILY = "1,2";
				TEST_TARGET_NAME = ShopSmart;
			};
			name = Debug;
		};
		848DAA602AEA6CE30093C04A /* Release */ = {
			isa = XCBuildConfiguration;
			buildSettings = {
				ALWAYS_EMBED_SWIFT_STANDARD_LIBRARIES = YES;
				CODE_SIGN_STYLE = Automatic;
				CURRENT_PROJECT_VERSION = 1;
				GENERATE_INFOPLIST_FILE = YES;
				MARKETING_VERSION = 1.0;
				PRODUCT_BUNDLE_IDENTIFIER = Admin.ShopSmartUITests;
				PRODUCT_NAME = "$(TARGET_NAME)";
				SWIFT_EMIT_LOC_STRINGS = NO;
				SWIFT_VERSION = 5.0;
				TARGETED_DEVICE_FAMILY = "1,2";
				TEST_TARGET_NAME = ShopSmart;
			};
			name = Release;
		};
/* End XCBuildConfiguration section */

/* Begin XCConfigurationList section */
		848DAA2A2AEA6CE00093C04A /* Build configuration list for PBXProject "ShopSmart" */ = {
			isa = XCConfigurationList;
			buildConfigurations = (
				848DAA562AEA6CE30093C04A /* Debug */,
				848DAA572AEA6CE30093C04A /* Release */,
			);
			defaultConfigurationIsVisible = 0;
			defaultConfigurationName = Release;
		};
		848DAA582AEA6CE30093C04A /* Build configuration list for PBXNativeTarget "ShopSmart" */ = {
			isa = XCConfigurationList;
			buildConfigurations = (
				848DAA592AEA6CE30093C04A /* Debug */,
				848DAA5A2AEA6CE30093C04A /* Release */,
			);
			defaultConfigurationIsVisible = 0;
			defaultConfigurationName = Release;
		};
		848DAA5B2AEA6CE30093C04A /* Build configuration list for PBXNativeTarget "ShopSmartTests" */ = {
			isa = XCConfigurationList;
			buildConfigurations = (
				848DAA5C2AEA6CE30093C04A /* Debug */,
				848DAA5D2AEA6CE30093C04A /* Release */,
			);
			defaultConfigurationIsVisible = 0;
			defaultConfigurationName = Release;
		};
		848DAA5E2AEA6CE30093C04A /* Build configuration list for PBXNativeTarget "ShopSmartUITests" */ = {
			isa = XCConfigurationList;
			buildConfigurations = (
				848DAA5F2AEA6CE30093C04A /* Debug */,
				848DAA602AEA6CE30093C04A /* Release */,
			);
			defaultConfigurationIsVisible = 0;
			defaultConfigurationName = Release;
		};
/* End XCConfigurationList section */

/* Begin XCVersionGroup section */
		848DAA3D2AEA6CE20093C04A /* ShopSmart.xcdatamodeld */ = {
			isa = XCVersionGroup;
			children = (
				848DAA3E2AEA6CE20093C04A /* ShopSmart.xcdatamodel */,
			);
			currentVersion = 848DAA3E2AEA6CE20093C04A /* ShopSmart.xcdatamodel */;
			path = ShopSmart.xcdatamodeld;
			sourceTree = "<group>";
			versionGroupType = wrapper.xcdatamodel;
		};
/* End XCVersionGroup section */
	};
	rootObject = 848DAA272AEA6CE00093C04A /* Project object */;
}
